
Microsoft Visual Studio Solution File, Format Version 12.00
# Visual Studio Version 16
VisualStudioVersion = 16.0.31005.135
MinimumVisualStudioVersion = 10.0.40219.1
Project("{FAE04EC0-301F-11D3-BF4B-00C04F79EFBC}") = "GroceryApplication", "GroceryApplication.csproj", "{80471ED8-BE7F-4BD9-9F8B-D2DC04D6B5A4}"
EndProject
Global
	GlobalSection(SolutionConfigurationPlatforms) = preSolution
		Debug|Any CPU = Debug|Any CPU
		Release|Any CPU = Release|Any CPU
	EndGlobalSection
	GlobalSection(ProjectConfigurationPlatforms) = postSolution
		{80471ED8-BE7F-4BD9-9F8B-D2DC04D6B5A4}.Debug|Any CPU.ActiveCfg = Debug|Any CPU
		{80471ED8-BE7F-4BD9-9F8B-D2DC04D6B5A4}.Debug|Any CPU.Build.0 = Debug|Any CPU
		{80471ED8-BE7F-4BD9-9F8B-D2DC04D6B5A4}.Release|Any CPU.ActiveCfg = Release|Any CPU
		{80471ED8-BE7F-4BD9-9F8B-D2DC04D6B5A4}.Release|Any CPU.Build.0 = Release|Any CPU
	EndGlobalSection
	GlobalSection(SolutionProperties) = preSolution
		HideSolutionNode = FALSE
	EndGlobalSection
	GlobalSection(ExtensibilityGlobals) = postSolution
		SolutionGuid = {439319D5-1E2A-47E2-BCCA-E54B338A0B43}
	EndGlobalSection
EndGlobal
